
Microsoft Visual Studio Solution File, Format Version 12.00
# Visual Studio Version 17
VisualStudioVersion = 17.0.32014.148
MinimumVisualStudioVersion = 10.0.40219.1
Project("{FAE04EC0-301F-11D3-BF4B-00C04F79EFBC}") = "calculator 2 nub", "calculator 2 nub\calculator 2 nub.csproj", "{D6B786B9-3A73-453D-8D31-900094BA8CBE}"
EndProject
Global
	GlobalSection(SolutionConfigurationPlatforms) = preSolution
		Debug|Any CPU = Debug|Any CPU
		Release|Any CPU = Release|Any CPU
	EndGlobalSection
	GlobalSection(ProjectConfigurationPlatforms) = postSolution
		{D6B786B9-3A73-453D-8D31-900094BA8CBE}.Debug|Any CPU.ActiveCfg = Debug|Any CPU
		{D6B786B9-3A73-453D-8D31-900094BA8CBE}.Debug|Any CPU.Build.0 = Debug|Any CPU
		{D6B786B9-3A73-453D-8D31-900094BA8CBE}.Release|Any CPU.ActiveCfg = Release|Any CPU
		{D6B786B9-3A73-453D-8D31-900094BA8CBE}.Release|Any CPU.Build.0 = Release|Any CPU
	EndGlobalSection
	GlobalSection(SolutionProperties) = preSolution
		HideSolutionNode = FALSE
	EndGlobalSection
	GlobalSection(ExtensibilityGlobals) = postSolution
		SolutionGuid = {03DBE743-1723-488C-87F5-AED3FB59EB53}
	EndGlobalSection
EndGlobal
